
Microsoft Visual Studio Solution File, Format Version 12.00
# Visual Studio Version 17
VisualStudioVersion = 17.4.33110.190
MinimumVisualStudioVersion = 10.0.40219.1
Project("{FAE04EC0-301F-11D3-BF4B-00C04F79EFBC}") = "Consumo", "Consumo\Consumo.csproj", "{1C556AE4-1592-4439-9C79-69B586EB62AD}"
EndProject
Global
	GlobalSection(SolutionConfigurationPlatforms) = preSolution
		Debug|Any CPU = Debug|Any CPU
		Release|Any CPU = Release|Any CPU
	EndGlobalSection
	GlobalSection(ProjectConfigurationPlatforms) = postSolution
		{1C556AE4-1592-4439-9C79-69B586EB62AD}.Debug|Any CPU.ActiveCfg = Debug|Any CPU
		{1C556AE4-1592-4439-9C79-69B586EB62AD}.Debug|Any CPU.Build.0 = Debug|Any CPU
		{1C556AE4-1592-4439-9C79-69B586EB62AD}.Release|Any CPU.ActiveCfg = Release|Any CPU
		{1C556AE4-1592-4439-9C79-69B586EB62AD}.Release|Any CPU.Build.0 = Release|Any CPU
	EndGlobalSection
	GlobalSection(SolutionProperties) = preSolution
		HideSolutionNode = FALSE
	EndGlobalSection
	GlobalSection(ExtensibilityGlobals) = postSolution
		SolutionGuid = {6CC1996C-0963-442C-AA1C-851C847C9A39}
	EndGlobalSection
EndGlobal
