
Microsoft Visual Studio Solution File, Format Version 12.00
# Visual Studio Version 17
VisualStudioVersion = 17.4.33110.190
MinimumVisualStudioVersion = 10.0.40219.1
Project("{FAE04EC0-301F-11D3-BF4B-00C04F79EFBC}") = "Bhaskara", "Bhaskara\Bhaskara.csproj", "{4C743810-E3CC-482A-B442-62BFD54DF62A}"
EndProject
Global
	GlobalSection(SolutionConfigurationPlatforms) = preSolution
		Debug|Any CPU = Debug|Any CPU
		Release|Any CPU = Release|Any CPU
	EndGlobalSection
	GlobalSection(ProjectConfigurationPlatforms) = postSolution
		{4C743810-E3CC-482A-B442-62BFD54DF62A}.Debug|Any CPU.ActiveCfg = Debug|Any CPU
		{4C743810-E3CC-482A-B442-62BFD54DF62A}.Debug|Any CPU.Build.0 = Debug|Any CPU
		{4C743810-E3CC-482A-B442-62BFD54DF62A}.Release|Any CPU.ActiveCfg = Release|Any CPU
		{4C743810-E3CC-482A-B442-62BFD54DF62A}.Release|Any CPU.Build.0 = Release|Any CPU
	EndGlobalSection
	GlobalSection(SolutionProperties) = preSolution
		HideSolutionNode = FALSE
	EndGlobalSection
	GlobalSection(ExtensibilityGlobals) = postSolution
		SolutionGuid = {82C9EFA3-6B50-4324-B6CD-A646AEA43B1C}
	EndGlobalSection
EndGlobal
