
Microsoft Visual Studio Solution File, Format Version 12.00
# Visual Studio Version 17
VisualStudioVersion = 17.4.33110.190
MinimumVisualStudioVersion = 10.0.40219.1
Project("{FAE04EC0-301F-11D3-BF4B-00C04F79EFBC}") = "AscendenteDescendente", "AscendenteDescendente\AscendenteDescendente.csproj", "{52097B31-367C-455B-A9BF-0A2EF8D0D740}"
EndProject
Global
	GlobalSection(SolutionConfigurationPlatforms) = preSolution
		Debug|Any CPU = Debug|Any CPU
		Release|Any CPU = Release|Any CPU
	EndGlobalSection
	GlobalSection(ProjectConfigurationPlatforms) = postSolution
		{52097B31-367C-455B-A9BF-0A2EF8D0D740}.Debug|Any CPU.ActiveCfg = Debug|Any CPU
		{52097B31-367C-455B-A9BF-0A2EF8D0D740}.Debug|Any CPU.Build.0 = Debug|Any CPU
		{52097B31-367C-455B-A9BF-0A2EF8D0D740}.Release|Any CPU.ActiveCfg = Release|Any CPU
		{52097B31-367C-455B-A9BF-0A2EF8D0D740}.Release|Any CPU.Build.0 = Release|Any CPU
	EndGlobalSection
	GlobalSection(SolutionProperties) = preSolution
		HideSolutionNode = FALSE
	EndGlobalSection
	GlobalSection(ExtensibilityGlobals) = postSolution
		SolutionGuid = {E1CEA8FF-1834-4246-B0D3-3E10C3AAE3F0}
	EndGlobalSection
EndGlobal
