
Microsoft Visual Studio Solution File, Format Version 12.00
# Visual Studio Version 17
VisualStudioVersion = 17.4.33110.190
MinimumVisualStudioVersion = 10.0.40219.1
Project("{FAE04EC0-301F-11D3-BF4B-00C04F79EFBC}") = "O melhor", "O melhor\O melhor.csproj", "{3D5AC75B-27B2-4119-8B5A-9EE3B82F3C73}"
EndProject
Global
	GlobalSection(SolutionConfigurationPlatforms) = preSolution
		Debug|Any CPU = Debug|Any CPU
		Release|Any CPU = Release|Any CPU
	EndGlobalSection
	GlobalSection(ProjectConfigurationPlatforms) = postSolution
		{3D5AC75B-27B2-4119-8B5A-9EE3B82F3C73}.Debug|Any CPU.ActiveCfg = Debug|Any CPU
		{3D5AC75B-27B2-4119-8B5A-9EE3B82F3C73}.Debug|Any CPU.Build.0 = Debug|Any CPU
		{3D5AC75B-27B2-4119-8B5A-9EE3B82F3C73}.Release|Any CPU.ActiveCfg = Release|Any CPU
		{3D5AC75B-27B2-4119-8B5A-9EE3B82F3C73}.Release|Any CPU.Build.0 = Release|Any CPU
	EndGlobalSection
	GlobalSection(SolutionProperties) = preSolution
		HideSolutionNode = FALSE
	EndGlobalSection
	GlobalSection(ExtensibilityGlobals) = postSolution
		SolutionGuid = {34F078B6-4B05-455A-9021-FD037D5EE139}
	EndGlobalSection
EndGlobal
