
Microsoft Visual Studio Solution File, Format Version 12.00
# Visual Studio Version 17
VisualStudioVersion = 17.4.33110.190
MinimumVisualStudioVersion = 10.0.40219.1
Project("{FAE04EC0-301F-11D3-BF4B-00C04F79EFBC}") = "Validação", "Validação\Validação.csproj", "{741CCEBB-D6BA-4BBE-B4F0-EB7C60C7EE60}"
EndProject
Global
	GlobalSection(SolutionConfigurationPlatforms) = preSolution
		Debug|Any CPU = Debug|Any CPU
		Release|Any CPU = Release|Any CPU
	EndGlobalSection
	GlobalSection(ProjectConfigurationPlatforms) = postSolution
		{741CCEBB-D6BA-4BBE-B4F0-EB7C60C7EE60}.Debug|Any CPU.ActiveCfg = Debug|Any CPU
		{741CCEBB-D6BA-4BBE-B4F0-EB7C60C7EE60}.Debug|Any CPU.Build.0 = Debug|Any CPU
		{741CCEBB-D6BA-4BBE-B4F0-EB7C60C7EE60}.Release|Any CPU.ActiveCfg = Release|Any CPU
		{741CCEBB-D6BA-4BBE-B4F0-EB7C60C7EE60}.Release|Any CPU.Build.0 = Release|Any CPU
	EndGlobalSection
	GlobalSection(SolutionProperties) = preSolution
		HideSolutionNode = FALSE
	EndGlobalSection
	GlobalSection(ExtensibilityGlobals) = postSolution
		SolutionGuid = {9CA1CE72-9A51-4E58-9015-DD4C50394885}
	EndGlobalSection
EndGlobal
