
Microsoft Visual Studio Solution File, Format Version 12.00
# Visual Studio Version 17
VisualStudioVersion = 17.4.33110.190
MinimumVisualStudioVersion = 10.0.40219.1
Project("{FAE04EC0-301F-11D3-BF4B-00C04F79EFBC}") = "Tabuada", "Tabuada\Tabuada.csproj", "{A5CC4088-D7A9-415D-B852-4F22744FEC2E}"
EndProject
Global
	GlobalSection(SolutionConfigurationPlatforms) = preSolution
		Debug|Any CPU = Debug|Any CPU
		Release|Any CPU = Release|Any CPU
	EndGlobalSection
	GlobalSection(ProjectConfigurationPlatforms) = postSolution
		{A5CC4088-D7A9-415D-B852-4F22744FEC2E}.Debug|Any CPU.ActiveCfg = Debug|Any CPU
		{A5CC4088-D7A9-415D-B852-4F22744FEC2E}.Debug|Any CPU.Build.0 = Debug|Any CPU
		{A5CC4088-D7A9-415D-B852-4F22744FEC2E}.Release|Any CPU.ActiveCfg = Release|Any CPU
		{A5CC4088-D7A9-415D-B852-4F22744FEC2E}.Release|Any CPU.Build.0 = Release|Any CPU
	EndGlobalSection
	GlobalSection(SolutionProperties) = preSolution
		HideSolutionNode = FALSE
	EndGlobalSection
	GlobalSection(ExtensibilityGlobals) = postSolution
		SolutionGuid = {BE9B353A-0C64-4F1E-B17B-011993267DF0}
	EndGlobalSection
EndGlobal
