
Microsoft Visual Studio Solution File, Format Version 12.00
# Visual Studio Version 17
VisualStudioVersion = 17.4.33110.190
MinimumVisualStudioVersion = 10.0.40219.1
Project("{FAE04EC0-301F-11D3-BF4B-00C04F79EFBC}") = "ValoresPares", "ValoresPares\ValoresPares.csproj", "{F6FDDB96-8F0C-4B1B-B9D4-EB2CECA188EE}"
EndProject
Global
	GlobalSection(SolutionConfigurationPlatforms) = preSolution
		Debug|Any CPU = Debug|Any CPU
		Release|Any CPU = Release|Any CPU
	EndGlobalSection
	GlobalSection(ProjectConfigurationPlatforms) = postSolution
		{F6FDDB96-8F0C-4B1B-B9D4-EB2CECA188EE}.Debug|Any CPU.ActiveCfg = Debug|Any CPU
		{F6FDDB96-8F0C-4B1B-B9D4-EB2CECA188EE}.Debug|Any CPU.Build.0 = Debug|Any CPU
		{F6FDDB96-8F0C-4B1B-B9D4-EB2CECA188EE}.Release|Any CPU.ActiveCfg = Release|Any CPU
		{F6FDDB96-8F0C-4B1B-B9D4-EB2CECA188EE}.Release|Any CPU.Build.0 = Release|Any CPU
	EndGlobalSection
	GlobalSection(SolutionProperties) = preSolution
		HideSolutionNode = FALSE
	EndGlobalSection
	GlobalSection(ExtensibilityGlobals) = postSolution
		SolutionGuid = {C9413D05-F20A-472D-BC05-E72461E7C14C}
	EndGlobalSection
EndGlobal
