
Microsoft Visual Studio Solution File, Format Version 12.00
# Visual Studio Version 17
VisualStudioVersion = 17.4.33110.190
MinimumVisualStudioVersion = 10.0.40219.1
Project("{FAE04EC0-301F-11D3-BF4B-00C04F79EFBC}") = "NumerosImpares", "NumerosImpares\NumerosImpares.csproj", "{F79169DC-7925-47B3-AEC0-B3E965DDF631}"
EndProject
Global
	GlobalSection(SolutionConfigurationPlatforms) = preSolution
		Debug|Any CPU = Debug|Any CPU
		Release|Any CPU = Release|Any CPU
	EndGlobalSection
	GlobalSection(ProjectConfigurationPlatforms) = postSolution
		{F79169DC-7925-47B3-AEC0-B3E965DDF631}.Debug|Any CPU.ActiveCfg = Debug|Any CPU
		{F79169DC-7925-47B3-AEC0-B3E965DDF631}.Debug|Any CPU.Build.0 = Debug|Any CPU
		{F79169DC-7925-47B3-AEC0-B3E965DDF631}.Release|Any CPU.ActiveCfg = Release|Any CPU
		{F79169DC-7925-47B3-AEC0-B3E965DDF631}.Release|Any CPU.Build.0 = Release|Any CPU
	EndGlobalSection
	GlobalSection(SolutionProperties) = preSolution
		HideSolutionNode = FALSE
	EndGlobalSection
	GlobalSection(ExtensibilityGlobals) = postSolution
		SolutionGuid = {1AFB4CEF-805C-4659-998B-948CB46A3677}
	EndGlobalSection
EndGlobal
