
Microsoft Visual Studio Solution File, Format Version 12.00
# Visual Studio Version 17
VisualStudioVersion = 17.4.33110.190
MinimumVisualStudioVersion = 10.0.40219.1
Project("{FAE04EC0-301F-11D3-BF4B-00C04F79EFBC}") = "Cedulas", "Cedulas\Cedulas.csproj", "{CB700E3E-F41D-419C-80D9-71FED7CD2F43}"
EndProject
Global
	GlobalSection(SolutionConfigurationPlatforms) = preSolution
		Debug|Any CPU = Debug|Any CPU
		Release|Any CPU = Release|Any CPU
	EndGlobalSection
	GlobalSection(ProjectConfigurationPlatforms) = postSolution
		{CB700E3E-F41D-419C-80D9-71FED7CD2F43}.Debug|Any CPU.ActiveCfg = Debug|Any CPU
		{CB700E3E-F41D-419C-80D9-71FED7CD2F43}.Debug|Any CPU.Build.0 = Debug|Any CPU
		{CB700E3E-F41D-419C-80D9-71FED7CD2F43}.Release|Any CPU.ActiveCfg = Release|Any CPU
		{CB700E3E-F41D-419C-80D9-71FED7CD2F43}.Release|Any CPU.Build.0 = Release|Any CPU
	EndGlobalSection
	GlobalSection(SolutionProperties) = preSolution
		HideSolutionNode = FALSE
	EndGlobalSection
	GlobalSection(ExtensibilityGlobals) = postSolution
		SolutionGuid = {C7D53734-5B88-40BC-86A6-A96BBD6D17E1}
	EndGlobalSection
EndGlobal
