
Microsoft Visual Studio Solution File, Format Version 12.00
# Visual Studio Version 17
VisualStudioVersion = 17.4.33110.190
MinimumVisualStudioVersion = 10.0.40219.1
Project("{FAE04EC0-301F-11D3-BF4B-00C04F79EFBC}") = "SequenciaJ2", "SequenciaJ2\SequenciaJ2.csproj", "{74A377D0-F19A-48B5-B988-6D3ABB775B55}"
EndProject
Global
	GlobalSection(SolutionConfigurationPlatforms) = preSolution
		Debug|Any CPU = Debug|Any CPU
		Release|Any CPU = Release|Any CPU
	EndGlobalSection
	GlobalSection(ProjectConfigurationPlatforms) = postSolution
		{74A377D0-F19A-48B5-B988-6D3ABB775B55}.Debug|Any CPU.ActiveCfg = Debug|Any CPU
		{74A377D0-F19A-48B5-B988-6D3ABB775B55}.Debug|Any CPU.Build.0 = Debug|Any CPU
		{74A377D0-F19A-48B5-B988-6D3ABB775B55}.Release|Any CPU.ActiveCfg = Release|Any CPU
		{74A377D0-F19A-48B5-B988-6D3ABB775B55}.Release|Any CPU.Build.0 = Release|Any CPU
	EndGlobalSection
	GlobalSection(SolutionProperties) = preSolution
		HideSolutionNode = FALSE
	EndGlobalSection
	GlobalSection(ExtensibilityGlobals) = postSolution
		SolutionGuid = {8B2664E2-C626-4750-8EE9-616DE9B437DF}
	EndGlobalSection
EndGlobal
