
Microsoft Visual Studio Solution File, Format Version 12.00
# Visual Studio Version 17
VisualStudioVersion = 17.4.33110.190
MinimumVisualStudioVersion = 10.0.40219.1
Project("{FAE04EC0-301F-11D3-BF4B-00C04F79EFBC}") = "Static Members", "Static Members\Static Members.csproj", "{B339D125-8651-4A00-88C4-F1A851B16D88}"
EndProject
Global
	GlobalSection(SolutionConfigurationPlatforms) = preSolution
		Debug|Any CPU = Debug|Any CPU
		Release|Any CPU = Release|Any CPU
	EndGlobalSection
	GlobalSection(ProjectConfigurationPlatforms) = postSolution
		{B339D125-8651-4A00-88C4-F1A851B16D88}.Debug|Any CPU.ActiveCfg = Debug|Any CPU
		{B339D125-8651-4A00-88C4-F1A851B16D88}.Debug|Any CPU.Build.0 = Debug|Any CPU
		{B339D125-8651-4A00-88C4-F1A851B16D88}.Release|Any CPU.ActiveCfg = Release|Any CPU
		{B339D125-8651-4A00-88C4-F1A851B16D88}.Release|Any CPU.Build.0 = Release|Any CPU
	EndGlobalSection
	GlobalSection(SolutionProperties) = preSolution
		HideSolutionNode = FALSE
	EndGlobalSection
	GlobalSection(ExtensibilityGlobals) = postSolution
		SolutionGuid = {1367F6CB-7FFB-472F-9E52-9B1C4FADB1AD}
	EndGlobalSection
EndGlobal
