
Microsoft Visual Studio Solution File, Format Version 12.00
# Visual Studio Version 17
VisualStudioVersion = 17.4.33110.190
MinimumVisualStudioVersion = 10.0.40219.1
Project("{FAE04EC0-301F-11D3-BF4B-00C04F79EFBC}") = "meida 2", "meida 2\meida 2.csproj", "{5D826FEC-09A7-4B2D-B268-8ABB91DD4B53}"
EndProject
Global
	GlobalSection(SolutionConfigurationPlatforms) = preSolution
		Debug|Any CPU = Debug|Any CPU
		Release|Any CPU = Release|Any CPU
	EndGlobalSection
	GlobalSection(ProjectConfigurationPlatforms) = postSolution
		{5D826FEC-09A7-4B2D-B268-8ABB91DD4B53}.Debug|Any CPU.ActiveCfg = Debug|Any CPU
		{5D826FEC-09A7-4B2D-B268-8ABB91DD4B53}.Debug|Any CPU.Build.0 = Debug|Any CPU
		{5D826FEC-09A7-4B2D-B268-8ABB91DD4B53}.Release|Any CPU.ActiveCfg = Release|Any CPU
		{5D826FEC-09A7-4B2D-B268-8ABB91DD4B53}.Release|Any CPU.Build.0 = Release|Any CPU
	EndGlobalSection
	GlobalSection(SolutionProperties) = preSolution
		HideSolutionNode = FALSE
	EndGlobalSection
	GlobalSection(ExtensibilityGlobals) = postSolution
		SolutionGuid = {A6A02558-D1BB-4B9F-A7F2-6BD755A63A8C}
	EndGlobalSection
EndGlobal
