
Microsoft Visual Studio Solution File, Format Version 12.00
# Visual Studio Version 17
VisualStudioVersion = 17.4.33110.190
MinimumVisualStudioVersion = 10.0.40219.1
Project("{FAE04EC0-301F-11D3-BF4B-00C04F79EFBC}") = "Moeda e nota", "Moeda e nota\Moeda e nota.csproj", "{0AEAF774-4262-47EA-922C-6AFB486717CA}"
EndProject
Global
	GlobalSection(SolutionConfigurationPlatforms) = preSolution
		Debug|Any CPU = Debug|Any CPU
		Release|Any CPU = Release|Any CPU
	EndGlobalSection
	GlobalSection(ProjectConfigurationPlatforms) = postSolution
		{0AEAF774-4262-47EA-922C-6AFB486717CA}.Debug|Any CPU.ActiveCfg = Debug|Any CPU
		{0AEAF774-4262-47EA-922C-6AFB486717CA}.Debug|Any CPU.Build.0 = Debug|Any CPU
		{0AEAF774-4262-47EA-922C-6AFB486717CA}.Release|Any CPU.ActiveCfg = Release|Any CPU
		{0AEAF774-4262-47EA-922C-6AFB486717CA}.Release|Any CPU.Build.0 = Release|Any CPU
	EndGlobalSection
	GlobalSection(SolutionProperties) = preSolution
		HideSolutionNode = FALSE
	EndGlobalSection
	GlobalSection(ExtensibilityGlobals) = postSolution
		SolutionGuid = {5BB8C078-1ACC-4DF2-AC00-CFD8EF54C8E4}
	EndGlobalSection
EndGlobal
