
Microsoft Visual Studio Solution File, Format Version 12.00
# Visual Studio Version 17
VisualStudioVersion = 17.4.33110.190
MinimumVisualStudioVersion = 10.0.40219.1
Project("{FAE04EC0-301F-11D3-BF4B-00C04F79EFBC}") = "Multiplos13", "Multiplos13\Multiplos13.csproj", "{4DA0A881-3F7E-4125-AA6B-D4683C9C8A12}"
EndProject
Global
	GlobalSection(SolutionConfigurationPlatforms) = preSolution
		Debug|Any CPU = Debug|Any CPU
		Release|Any CPU = Release|Any CPU
	EndGlobalSection
	GlobalSection(ProjectConfigurationPlatforms) = postSolution
		{4DA0A881-3F7E-4125-AA6B-D4683C9C8A12}.Debug|Any CPU.ActiveCfg = Debug|Any CPU
		{4DA0A881-3F7E-4125-AA6B-D4683C9C8A12}.Debug|Any CPU.Build.0 = Debug|Any CPU
		{4DA0A881-3F7E-4125-AA6B-D4683C9C8A12}.Release|Any CPU.ActiveCfg = Release|Any CPU
		{4DA0A881-3F7E-4125-AA6B-D4683C9C8A12}.Release|Any CPU.Build.0 = Release|Any CPU
	EndGlobalSection
	GlobalSection(SolutionProperties) = preSolution
		HideSolutionNode = FALSE
	EndGlobalSection
	GlobalSection(ExtensibilityGlobals) = postSolution
		SolutionGuid = {61716EDC-82B9-407F-AFFD-5ED28E32A991}
	EndGlobalSection
EndGlobal
