
Microsoft Visual Studio Solution File, Format Version 12.00
# Visual Studio Version 17
VisualStudioVersion = 17.4.33110.190
MinimumVisualStudioVersion = 10.0.40219.1
Project("{FAE04EC0-301F-11D3-BF4B-00C04F79EFBC}") = "idade", "idade\idade.csproj", "{1F712F46-9910-4A22-8A3C-7CADB7B57857}"
EndProject
Global
	GlobalSection(SolutionConfigurationPlatforms) = preSolution
		Debug|Any CPU = Debug|Any CPU
		Release|Any CPU = Release|Any CPU
	EndGlobalSection
	GlobalSection(ProjectConfigurationPlatforms) = postSolution
		{1F712F46-9910-4A22-8A3C-7CADB7B57857}.Debug|Any CPU.ActiveCfg = Debug|Any CPU
		{1F712F46-9910-4A22-8A3C-7CADB7B57857}.Debug|Any CPU.Build.0 = Debug|Any CPU
		{1F712F46-9910-4A22-8A3C-7CADB7B57857}.Release|Any CPU.ActiveCfg = Release|Any CPU
		{1F712F46-9910-4A22-8A3C-7CADB7B57857}.Release|Any CPU.Build.0 = Release|Any CPU
	EndGlobalSection
	GlobalSection(SolutionProperties) = preSolution
		HideSolutionNode = FALSE
	EndGlobalSection
	GlobalSection(ExtensibilityGlobals) = postSolution
		SolutionGuid = {50B515DA-7B1E-43EA-9F75-7BA94509350A}
	EndGlobalSection
EndGlobal
